
Microsoft Visual Studio Solution File, Format Version 12.00
# Visual Studio Version 17
VisualStudioVersion = 17.10.35027.167
MinimumVisualStudioVersion = 10.0.40219.1
Project("{FAE04EC0-301F-11D3-BF4B-00C04F79EFBC}") = "DioDocsExcelBarcodeImage", "DioDocsExcelBarcodeImage\DioDocsExcelBarcodeImage.csproj", "{16D7B3A6-394C-47F9-AD20-9DFBF624790F}"
EndProject
Global
	GlobalSection(SolutionConfigurationPlatforms) = preSolution
		Debug|Any CPU = Debug|Any CPU
		Release|Any CPU = Release|Any CPU
	EndGlobalSection
	GlobalSection(ProjectConfigurationPlatforms) = postSolution
		{16D7B3A6-394C-47F9-AD20-9DFBF624790F}.Debug|Any CPU.ActiveCfg = Debug|Any CPU
		{16D7B3A6-394C-47F9-AD20-9DFBF624790F}.Debug|Any CPU.Build.0 = Debug|Any CPU
		{16D7B3A6-394C-47F9-AD20-9DFBF624790F}.Release|Any CPU.ActiveCfg = Release|Any CPU
		{16D7B3A6-394C-47F9-AD20-9DFBF624790F}.Release|Any CPU.Build.0 = Release|Any CPU
	EndGlobalSection
	GlobalSection(SolutionProperties) = preSolution
		HideSolutionNode = FALSE
	EndGlobalSection
	GlobalSection(ExtensibilityGlobals) = postSolution
		SolutionGuid = {96608283-982F-4FC0-8552-38D24F019A16}
	EndGlobalSection
EndGlobal
